{
  "pins" : [
    {
      "identity" : "swift-argument-parser",
      "kind" : "remoteSourceControl",
      "location" : "https://github.com/apple/swift-argument-parser.git",
      "state" : {
        "revision" : "fee6933f37fde9a5e12a1e4aeaa93fe60116ff2a",
        "version" : "1.2.2"
      }
    },
    {
      "identity" : "swift-tqdm",
      "kind" : "remoteSourceControl",
      "location" : "https://github.com/ebraraktas/swift-tqdm.git",
      "state" : {
        "revision" : "71f0a47e1c1149cc486be2e436d7369e90ca4449",
        "version" : "0.1.2"
      }
    }
  ],
  "version" : 2
}
